
Microsoft Visual Studio Solution File, Format Version 12.00
# Visual Studio Version 17
VisualStudioVersion = 17.4.33205.214
MinimumVisualStudioVersion = 10.0.40219.1
Project("{FAE04EC0-301F-11D3-BF4B-00C04F79EFBC}") = "FirmaSiparisYonetimAPI", "FirmaSiparisYonetimAPI\FirmaSiparisYonetimAPI.csproj", "{FF31271A-3541-4DA2-852C-4AC52AAB11E2}"
EndProject
Project("{FAE04EC0-301F-11D3-BF4B-00C04F79EFBC}") = "FirmaSiparisYonetimDataLayer", "FirmaSiparisYonetimDataLayer\FirmaSiparisYonetimDataLayer.csproj", "{5F90B98E-4EDD-4329-A5A6-8D0E448C04C1}"
EndProject
Global
	GlobalSection(SolutionConfigurationPlatforms) = preSolution
		Debug|Any CPU = Debug|Any CPU
		Release|Any CPU = Release|Any CPU
	EndGlobalSection
	GlobalSection(ProjectConfigurationPlatforms) = postSolution
		{FF31271A-3541-4DA2-852C-4AC52AAB11E2}.Debug|Any CPU.ActiveCfg = Debug|Any CPU
		{FF31271A-3541-4DA2-852C-4AC52AAB11E2}.Debug|Any CPU.Build.0 = Debug|Any CPU
		{FF31271A-3541-4DA2-852C-4AC52AAB11E2}.Release|Any CPU.ActiveCfg = Release|Any CPU
		{FF31271A-3541-4DA2-852C-4AC52AAB11E2}.Release|Any CPU.Build.0 = Release|Any CPU
		{5F90B98E-4EDD-4329-A5A6-8D0E448C04C1}.Debug|Any CPU.ActiveCfg = Debug|Any CPU
		{5F90B98E-4EDD-4329-A5A6-8D0E448C04C1}.Debug|Any CPU.Build.0 = Debug|Any CPU
		{5F90B98E-4EDD-4329-A5A6-8D0E448C04C1}.Release|Any CPU.ActiveCfg = Release|Any CPU
		{5F90B98E-4EDD-4329-A5A6-8D0E448C04C1}.Release|Any CPU.Build.0 = Release|Any CPU
	EndGlobalSection
	GlobalSection(SolutionProperties) = preSolution
		HideSolutionNode = FALSE
	EndGlobalSection
	GlobalSection(ExtensibilityGlobals) = postSolution
		SolutionGuid = {41EEC496-8FD8-4CD3-8412-BA06F0308E44}
	EndGlobalSection
EndGlobal
